
Microsoft Visual Studio Solution File, Format Version 12.00
# Visual Studio 15
VisualStudioVersion = 15.0.28307.1082
MinimumVisualStudioVersion = 10.0.40219.1
Project("{8BC9CEB8-8B4A-11D0-8D11-00A0C91BC942}") = "3D Renderer", "3D Renderer\3D Renderer.vcxproj", "{1EEB7ABA-4D06-4251-86AA-B5AF6780BAB0}"
EndProject
Global
	GlobalSection(SolutionConfigurationPlatforms) = preSolution
		Debug|x64 = Debug|x64
		Debug|x86 = Debug|x86
		Release|x64 = Release|x64
		Release|x86 = Release|x86
	EndGlobalSection
	GlobalSection(ProjectConfigurationPlatforms) = postSolution
		{1EEB7ABA-4D06-4251-86AA-B5AF6780BAB0}.Debug|x64.ActiveCfg = Debug|x64
		{1EEB7ABA-4D06-4251-86AA-B5AF6780BAB0}.Debug|x64.Build.0 = Debug|x64
		{1EEB7ABA-4D06-4251-86AA-B5AF6780BAB0}.Debug|x86.ActiveCfg = Debug|Win32
		{1EEB7ABA-4D06-4251-86AA-B5AF6780BAB0}.Debug|x86.Build.0 = Debug|Win32
		{1EEB7ABA-4D06-4251-86AA-B5AF6780BAB0}.Release|x64.ActiveCfg = Release|x64
		{1EEB7ABA-4D06-4251-86AA-B5AF6780BAB0}.Release|x64.Build.0 = Release|x64
		{1EEB7ABA-4D06-4251-86AA-B5AF6780BAB0}.Release|x86.ActiveCfg = Release|Win32
		{1EEB7ABA-4D06-4251-86AA-B5AF6780BAB0}.Release|x86.Build.0 = Release|Win32
	EndGlobalSection
	GlobalSection(SolutionProperties) = preSolution
		HideSolutionNode = FALSE
	EndGlobalSection
	GlobalSection(ExtensibilityGlobals) = postSolution
		SolutionGuid = {423B8C1B-DF54-4C72-A1BA-BB3BDE28A4FC}
	EndGlobalSection
EndGlobal
