<?xml version="1.0" encoding="utf-8"?>
<Project ToolsVersion="4.0" xmlns="http://schemas.microsoft.com/developer/msbuild/2003">
  <ItemGroup>
    <Filter Include="Source Files">
      <UniqueIdentifier>{4FC737F1-C7A5-4376-A066-2A32D752A2FF}</UniqueIdentifier>
      <Extensions>cpp;c;cc;cxx;def;odl;idl;hpj;bat;asm;asmx</Extensions>
    </Filter>
    <Filter Include="Header Files">
      <UniqueIdentifier>{93995380-89BD-4b04-88EB-625FBE52EBFB}</UniqueIdentifier>
      <Extensions>h;hh;hpp;hxx;hm;inl;inc;ipp;xsd</Extensions>
    </Filter>
    <Filter Include="Resource Files">
      <UniqueIdentifier>{67DA6AB6-F800-4c08-8B7A-83BB121AAD01}</UniqueIdentifier>
      <Extensions>rc;ico;cur;bmp;dlg;rc2;rct;bin;rgs;gif;jpg;jpeg;jpe;resx;tiff;tif;png;wav;mfcribbon-ms</Extensions>
    </Filter>
  </ItemGroup>
  <ItemGroup>
    <ClCompile Include="src\Core\main.cpp">
      <Filter>Source Files</Filter>
    </ClCompile>
    <ClCompile Include="src\Core\Application.cpp">
      <Filter>Source Files</Filter>
    </ClCompile>
    <ClCompile Include="src\LightingShaders\FlatShading_Frag.cpp">
      <Filter>Source Files</Filter>
    </ClCompile>
    <ClCompile Include="src\LightingShaders\Gouraud_Frag.cpp">
      <Filter>Source Files</Filter>
    </ClCompile>
    <ClCompile Include="src\LightingShaders\PhongFlat_Frag.cpp">
      <Filter>Source Files</Filter>
    </ClCompile>
    <ClCompile Include="src\LightingShaders\PhongPoint_Frag.cpp">
      <Filter>Source Files</Filter>
    </ClCompile>
    <ClCompile Include="src\Pipeline\FragmentShader.cpp">
      <Filter>Source Files</Filter>
    </ClCompile>
    <ClCompile Include="src\Pipeline\VertexShader.cpp">
      <Filter>Source Files</Filter>
    </ClCompile>
  </ItemGroup>
  <ItemGroup>
    <ClInclude Include="src\Application.h">
      <Filter>Header Files</Filter>
    </ClInclude>
    <ClInclude Include="src\Diffuse_type.h">
      <Filter>Header Files</Filter>
    </ClInclude>
    <ClInclude Include="src\Draw.h">
      <Filter>Header Files</Filter>
    </ClInclude>
    <ClInclude Include="src\FlatShading_Frag.h">
      <Filter>Header Files</Filter>
    </ClInclude>
    <ClInclude Include="src\FragmentShader.h">
      <Filter>Header Files</Filter>
    </ClInclude>
    <ClInclude Include="src\Gouraud_Frag.h">
      <Filter>Header Files</Filter>
    </ClInclude>
    <ClInclude Include="src\Light_Type.h">
      <Filter>Header Files</Filter>
    </ClInclude>
    <ClInclude Include="src\LightSetup.h">
      <Filter>Header Files</Filter>
    </ClInclude>
    <ClInclude Include="src\LoadModel.h">
      <Filter>Header Files</Filter>
    </ClInclude>
    <ClInclude Include="src\Mat.h">
      <Filter>Header Files</Filter>
    </ClInclude>
    <ClInclude Include="src\normals.h">
      <Filter>Header Files</Filter>
    </ClInclude>
    <ClInclude Include="src\PhongFlat_Frag.h">
      <Filter>Header Files</Filter>
    </ClInclude>
    <ClInclude Include="src\ScreenSize.h">
      <Filter>Header Files</Filter>
    </ClInclude>
    <ClInclude Include="src\PhongPoint_Frag.h">
      <Filter>Header Files</Filter>
    </ClInclude>
    <ClInclude Include="src\Timer.h">
      <Filter>Header Files</Filter>
    </ClInclude>
    <ClInclude Include="src\tiny_obj_loader.h">
      <Filter>Header Files</Filter>
    </ClInclude>
    <ClInclude Include="src\triangle.h">
      <Filter>Header Files</Filter>
    </ClInclude>
    <ClInclude Include="src\Vector2.h">
      <Filter>Header Files</Filter>
    </ClInclude>
    <ClInclude Include="src\Vector3.h">
      <Filter>Header Files</Filter>
    </ClInclude>
    <ClInclude Include="src\VertexShader.h">
      <Filter>Header Files</Filter>
    </ClInclude>
    <ClInclude Include="src\Core\Application.h">
      <Filter>Source Files</Filter>
    </ClInclude>
    <ClInclude Include="src\Light\LightSetup.h">
      <Filter>Source Files</Filter>
    </ClInclude>
    <ClInclude Include="src\Pipeline\LoadModel.h">
      <Filter>Source Files</Filter>
    </ClInclude>
    <ClInclude Include="src\LightingShaders\FlatShading_Frag.h">
      <Filter>Source Files</Filter>
    </ClInclude>
    <ClInclude Include="src\LightingShaders\Gouraud_Frag.h">
      <Filter>Source Files</Filter>
    </ClInclude>
    <ClInclude Include="src\LightingShaders\PhongFlat_Frag.h">
      <Filter>Source Files</Filter>
    </ClInclude>
    <ClInclude Include="src\LightingShaders\PhongPoint_Frag.h">
      <Filter>Source Files</Filter>
    </ClInclude>
    <ClInclude Include="src\Math\Vector3.h">
      <Filter>Source Files</Filter>
    </ClInclude>
    <ClInclude Include="src\Math\Vector2.h">
      <Filter>Header Files</Filter>
    </ClInclude>
    <ClInclude Include="src\Math\Mat.h">
      <Filter>Source Files</Filter>
    </ClInclude>
    <ClInclude Include="src\Pipeline\FragmentShader.h">
      <Filter>Source Files</Filter>
    </ClInclude>
    <ClInclude Include="src\Pipeline\VertexShader.h">
      <Filter>Source Files</Filter>
    </ClInclude>
    <ClInclude Include="src\Light\Light_Type.h">
      <Filter>Source Files</Filter>
    </ClInclude>
    <ClInclude Include="src\Light\Diffuse_type.h">
      <Filter>Source Files</Filter>
    </ClInclude>
    <ClInclude Include="src\Core\ScreenSize.h">
      <Filter>Source Files</Filter>
    </ClInclude>
    <ClInclude Include="src\Pipeline\tiny_obj_loader.h">
      <Filter>Header Files</Filter>
    </ClInclude>
    <ClInclude Include="src\Profiler\Timer.h">
      <Filter>Source Files</Filter>
    </ClInclude>
    <ClInclude Include="src\Pipeline\triangle.h">
      <Filter>Source Files</Filter>
    </ClInclude>
    <ClInclude Include="src\LightingShaders\Draw.h">
      <Filter>Source Files</Filter>
    </ClInclude>
  </ItemGroup>
  <ItemGroup>
    <None Include="SDL2.dll" />
  </ItemGroup>
</Project>